{
  "lockfileVersion": 1,
  "configVersion": 1,
  "workspaces": {
    "": {
      "name": "zenplant",
      "dependencies": {
        "@huggingface/inference": "^4.13.28",
        "@valtown/sdk": "^4.0.0",
        "hono": "^4.7.0",
      },
      "devDependencies": {
        "@playwright/test": "^1.63.0",
        "@types/bun": "latest",
        "playwright": "^1.63.0",
        "typescript": "^5.7.0",
      },
    },
  },
  "packages": {
    "@huggingface/inference": ["@huggingface/inference@4.13.28", "", { "dependencies": { "@huggingface/jinja": "^0.5.9", "@huggingface/tasks": "^0.21.35" } }, "sha512-KTfWx7+H1xo9cbBrHvF8me/GjujV1W6DRjfKilO8z7UPiNXn8aFJgNwRl0A1g4w/FWnYo6JeNZHh8240BpG9mw=="],

    "@huggingface/jinja": ["@huggingface/jinja@0.5.10", "", {}, "sha512-SgS1D1bglQ94ceD4ZCL6eayUDy9uV1xuyk61OjgSxU5GJh7upqZCKII0JoTYMc6wWsg3JUgaPRX0ElQzXPk3Cw=="],

    "@huggingface/tasks": ["@huggingface/tasks@0.21.45", "", {}, "sha512-TtA6U+ta6StaW4XMm6TwDFvm1T6HFF/YTGz2ZClSxlanxxII18SClWfAUH3EEeKagKfKstTAGTh7eVU6NXnUmw=="],

    "@playwright/test": ["@playwright/test@1.63.0", "", { "dependencies": { "playwright": "1.63.0" }, "bin": { "playwright": "cli.js" } }, "sha512-oxMK4vllB9RK5NQ2l1pq1IfOf2AvnEuj/vYGDj0H2nMtmtZpKtCwt/l00GEO6xjGfpBNAvjovvYdCm50dRQkpQ=="],

    "@types/bun": ["@types/bun@1.4.2", "", { "dependencies": { "bun-types": "1.4.2" } }, "sha512-GimotNn7+ZV0uVArItBbriZsR1oNf0+WTzPkdcFrzShI7k2norL0uzEaJT8T33dWr7O/c9ZDuAFQrctKCi72oQ=="],

    "@types/node": ["@types/node@26.5.0", "", { "dependencies": { "undici-types": "~8.9.0" } }, "sha512-dVSGpriSoCgz8WnDNTuSSuSv1PC/ALXihO4ulRZt7Md8k9mlbdin3lGOcDE8SnWOgf513ByWlXd7BK4azmyg/A=="],

    "@valtown/sdk": ["@valtown/sdk@4.0.0", "", { "bin": { "valtown-sdk": "bin/cli" } }, "sha512-yC6j/3iCFPzsqHo+XfSl/umbim3cXJfVf5Ns9sUikAaFTx9VfE26waDMN7hMxmSMFY88qc6v+/cfBXb7spJDNg=="],

    "bun-types": ["bun-types@1.4.2", "", { "dependencies": { "@types/node": "*" } }, "sha512-bxV1FgK7yBIzjRe5zBozIM4Bem11ZJcCXSrjWRG3YWLt8yFDePu4cLjpebO8OvPeIE9trbyPF4fuj3Cia4Fj3w=="],

    "hono": ["hono@4.13.7", "", {}, "sha512-c8/gF9ac8Y78/agExVocyLevgR+JlpNB444Py0FSX8pJoPdYUfUzRcXtYEYGwt6l19qIlVZPN5Mfsw9jFShmQQ=="],

    "playwright": ["playwright@1.63.0", "", { "dependencies": { "playwright-core": "1.63.0" }, "bin": { "playwright": "cli.js" } }, "sha512-+7ziBLidS4NaNCdt57SUDT+wYmmd5fmiQejUic/kb+YsYSCPyOOE9sebzMjNmQrsnNpDJqd4WHvV/8lfKfUDUg=="],

    "playwright-core": ["playwright-core@1.63.0", "", { "bin": { "playwright-core": "cli.js" } }, "sha512-rYCsBF/M5HjUch52bbtVONEFjv6Xu8sm8h72dNlR5bzIE1fvC/bxgspzkjSfU+MweEMmPM8KJebG6nnyxo5mCg=="],

    "typescript": ["typescript@5.9.3", "", { "bin": { "tsc": "bin/tsc", "tsserver": "bin/tsserver" } }, "sha512-jl1vZzPDinLr9eUt3J/t7V6FgNEw9QjvBPdysz9KfQDD41fQrC2Y4vKQdiaUpFT4bXlb1RHhLpp8wtm6M5TgSw=="],

    "undici-types": ["undici-types@8.9.0", "", {}, "sha512-KTDyRTYX8sWmKXAikPHHSyc63CRPETMctyjKFupcC6OBLXT3xsN0e9aF7m+mIXutFWpUXuedtowG7iLOzp0kQg=="],
  }
}
